
Microsoft Visual Studio Solution File, Format Version 12.00
# Visual Studio Version 17
VisualStudioVersion = 17.9.34616.47
MinimumVisualStudioVersion = 10.0.40219.1
Project("{FAE04EC0-301F-11D3-BF4B-00C04F79EFBC}") = "Test", "Test\Test.csproj", "{9CEF8D17-E27B-456F-BA0E-1A89A9C583A1}"
EndProject
Global
	GlobalSection(SolutionConfigurationPlatforms) = preSolution
		Debug|Any CPU = Debug|Any CPU
		Release|Any CPU = Release|Any CPU
	EndGlobalSection
	GlobalSection(ProjectConfigurationPlatforms) = postSolution
		{9CEF8D17-E27B-456F-BA0E-1A89A9C583A1}.Debug|Any CPU.ActiveCfg = Debug|Any CPU
		{9CEF8D17-E27B-456F-BA0E-1A89A9C583A1}.Debug|Any CPU.Build.0 = Debug|Any CPU
		{9CEF8D17-E27B-456F-BA0E-1A89A9C583A1}.Release|Any CPU.ActiveCfg = Release|Any CPU
		{9CEF8D17-E27B-456F-BA0E-1A89A9C583A1}.Release|Any CPU.Build.0 = Release|Any CPU
	EndGlobalSection
	GlobalSection(SolutionProperties) = preSolution
		HideSolutionNode = FALSE
	EndGlobalSection
	GlobalSection(ExtensibilityGlobals) = postSolution
		SolutionGuid = {474FECC9-C7C3-4CF7-B7A3-0E14CAA5A96B}
	EndGlobalSection
EndGlobal
