
Microsoft Visual Studio Solution File, Format Version 12.00
# Visual Studio Version 17
VisualStudioVersion = 17.9.34616.47
MinimumVisualStudioVersion = 10.0.40219.1
Project("{FAE04EC0-301F-11D3-BF4B-00C04F79EFBC}") = "AzeWalksAPI", "AzeWalksAPI\AzeWalksAPI.csproj", "{14FD741D-6E9A-4AFF-A8EB-7F0D9A0D278A}"
EndProject
Global
	GlobalSection(SolutionConfigurationPlatforms) = preSolution
		Debug|Any CPU = Debug|Any CPU
		Release|Any CPU = Release|Any CPU
	EndGlobalSection
	GlobalSection(ProjectConfigurationPlatforms) = postSolution
		{14FD741D-6E9A-4AFF-A8EB-7F0D9A0D278A}.Debug|Any CPU.ActiveCfg = Debug|Any CPU
		{14FD741D-6E9A-4AFF-A8EB-7F0D9A0D278A}.Debug|Any CPU.Build.0 = Debug|Any CPU
		{14FD741D-6E9A-4AFF-A8EB-7F0D9A0D278A}.Release|Any CPU.ActiveCfg = Release|Any CPU
		{14FD741D-6E9A-4AFF-A8EB-7F0D9A0D278A}.Release|Any CPU.Build.0 = Release|Any CPU
	EndGlobalSection
	GlobalSection(SolutionProperties) = preSolution
		HideSolutionNode = FALSE
	EndGlobalSection
	GlobalSection(ExtensibilityGlobals) = postSolution
		SolutionGuid = {A26E0C0C-5B1C-4E90-A741-19065A72EDE3}
	EndGlobalSection
EndGlobal
